// !$*UTF8*$!
{
	archiveVersion = 1;
	classes = {
	};
	objectVersion = 50;
	objects = {

/* Begin PBXBuildFile section */
		0A2204F626C0DB0F002F1B1F /* CareTaker.swift in Sources */ = {isa = PBXBuildFile; fileRef = 0A2204F526C0DB0F002F1B1F /* CareTaker.swift */; };
		0A2204F926C10FED002F1B1F /* CustomButton.swift in Sources */ = {isa = PBXBuildFile; fileRef = 0A2204F826C10FED002F1B1F /* CustomButton.swift */; };
		0A2204FE26C3C14C002F1B1F /* Difficulty.swift in Sources */ = {isa = PBXBuildFile; fileRef = 0A2204FD26C3C14C002F1B1F /* Difficulty.swift */; };
		0A22050126C3E36F002F1B1F /* ShuffledQuestions.swift in Sources */ = {isa = PBXBuildFile; fileRef = 0A22050026C3E36F002F1B1F /* ShuffledQuestions.swift */; };
		0A22050826C3E6E8002F1B1F /* OrderedQuestions.swift in Sources */ = {isa = PBXBuildFile; fileRef = 0A22050726C3E6E8002F1B1F /* OrderedQuestions.swift */; };
		0A22050D26C3E7F6002F1B1F /* OrderedShuffledProtocol.swift in Sources */ = {isa = PBXBuildFile; fileRef = 0A22050C26C3E7F6002F1B1F /* OrderedShuffledProtocol.swift */; };
		0A22051326C62949002F1B1F /* Observable.swift in Sources */ = {isa = PBXBuildFile; fileRef = 0A22051226C62949002F1B1F /* Observable.swift */; };
		0A22051726C8BCFD002F1B1F /* AddQuestionViewController.swift in Sources */ = {isa = PBXBuildFile; fileRef = 0A22051626C8BCFD002F1B1F /* AddQuestionViewController.swift */; };
		0A22051A26C8C7F1002F1B1F /* QuestionsCareTaker.swift in Sources */ = {isa = PBXBuildFile; fileRef = 0A22051926C8C7F1002F1B1F /* QuestionsCareTaker.swift */; };
		0A4D50D126BD143800C3A19C /* AppDelegate.swift in Sources */ = {isa = PBXBuildFile; fileRef = 0A4D50D026BD143800C3A19C /* AppDelegate.swift */; };
		0A4D50D326BD143800C3A19C /* SceneDelegate.swift in Sources */ = {isa = PBXBuildFile; fileRef = 0A4D50D226BD143800C3A19C /* SceneDelegate.swift */; };
		0A4D50D826BD143800C3A19C /* Main.storyboard in Resources */ = {isa = PBXBuildFile; fileRef = 0A4D50D626BD143800C3A19C /* Main.storyboard */; };
		0A4D50DA26BD143A00C3A19C /* Assets.xcassets in Resources */ = {isa = PBXBuildFile; fileRef = 0A4D50D926BD143A00C3A19C /* Assets.xcassets */; };
		0A4D50DD26BD143A00C3A19C /* LaunchScreen.storyboard in Resources */ = {isa = PBXBuildFile; fileRef = 0A4D50DB26BD143A00C3A19C /* LaunchScreen.storyboard */; };
		0A4D50E726BD147900C3A19C /* Question.swift in Sources */ = {isa = PBXBuildFile; fileRef = 0A4D50E626BD147900C3A19C /* Question.swift */; };
		0A4D50EC26BD1C3600C3A19C /* MainViewController.swift in Sources */ = {isa = PBXBuildFile; fileRef = 0A4D50EB26BD1C3600C3A19C /* MainViewController.swift */; };
		0A4D50EF26BD1C5000C3A19C /* GameViewController.swift in Sources */ = {isa = PBXBuildFile; fileRef = 0A4D50EE26BD1C5000C3A19C /* GameViewController.swift */; };
		0A4D50F426BD3A8400C3A19C /* Game.swift in Sources */ = {isa = PBXBuildFile; fileRef = 0A4D50F326BD3A8400C3A19C /* Game.swift */; };
		0A4D50F826BD3B1500C3A19C /* GameSession.swift in Sources */ = {isa = PBXBuildFile; fileRef = 0A4D50F726BD3B1500C3A19C /* GameSession.swift */; };
		0AEBAA8D26BE4E0100BD0171 /* RecordsTableViewController.swift in Sources */ = {isa = PBXBuildFile; fileRef = 0AEBAA8C26BE4E0100BD0171 /* RecordsTableViewController.swift */; };
		0AEBAA9226BE4E9B00BD0171 /* RecordTableViewCell.swift in Sources */ = {isa = PBXBuildFile; fileRef = 0AEBAA9026BE4E9B00BD0171 /* RecordTableViewCell.swift */; };
		0AEBAA9326BE4E9B00BD0171 /* RecordTableViewCell.xib in Resources */ = {isa = PBXBuildFile; fileRef = 0AEBAA9126BE4E9B00BD0171 /* RecordTableViewCell.xib */; };
		0AEBAA9A26C0D00100BD0171 /* Record.swift in Sources */ = {isa = PBXBuildFile; fileRef = 0AEBAA9926C0D00100BD0171 /* Record.swift */; };
/* End PBXBuildFile section */

/* Begin PBXFileReference section */
		0A2204F526C0DB0F002F1B1F /* CareTaker.swift */ = {isa = PBXFileReference; lastKnownFileType = sourcecode.swift; path = CareTaker.swift; sourceTree = "<group>"; };
		0A2204F826C10FED002F1B1F /* CustomButton.swift */ = {isa = PBXFileReference; lastKnownFileType = sourcecode.swift; path = CustomButton.swift; sourceTree = "<group>"; };
		0A2204FD26C3C14C002F1B1F /* Difficulty.swift */ = {isa = PBXFileReference; lastKnownFileType = sourcecode.swift; path = Difficulty.swift; sourceTree = "<group>"; };
		0A22050026C3E36F002F1B1F /* ShuffledQuestions.swift */ = {isa = PBXFileReference; lastKnownFileType = sourcecode.swift; path = ShuffledQuestions.swift; sourceTree = "<group>"; };
		0A22050726C3E6E8002F1B1F /* OrderedQuestions.swift */ = {isa = PBXFileReference; lastKnownFileType = sourcecode.swift; path = OrderedQuestions.swift; sourceTree = "<group>"; };
		0A22050C26C3E7F6002F1B1F /* OrderedShuffledProtocol.swift */ = {isa = PBXFileReference; lastKnownFileType = sourcecode.swift; path = OrderedShuffledProtocol.swift; sourceTree = "<group>"; };
		0A22051226C62949002F1B1F /* Observable.swift */ = {isa = PBXFileReference; lastKnownFileType = sourcecode.swift; path = Observable.swift; sourceTree = "<group>"; };
		0A22051626C8BCFD002F1B1F /* AddQuestionViewController.swift */ = {isa = PBXFileReference; lastKnownFileType = sourcecode.swift; path = AddQuestionViewController.swift; sourceTree = "<group>"; };
		0A22051926C8C7F1002F1B1F /* QuestionsCareTaker.swift */ = {isa = PBXFileReference; lastKnownFileType = sourcecode.swift; path = QuestionsCareTaker.swift; sourceTree = "<group>"; };
		0A4D50CD26BD143800C3A19C /* Millionaire.app */ = {isa = PBXFileReference; explicitFileType = wrapper.application; includeInIndex = 0; path = Millionaire.app; sourceTree = BUILT_PRODUCTS_DIR; };
		0A4D50D026BD143800C3A19C /* AppDelegate.swift */ = {isa = PBXFileReference; lastKnownFileType = sourcecode.swift; path = AppDelegate.swift; sourceTree = "<group>"; };
		0A4D50D226BD143800C3A19C /* SceneDelegate.swift */ = {isa = PBXFileReference; lastKnownFileType = sourcecode.swift; path = SceneDelegate.swift; sourceTree = "<group>"; };
		0A4D50D726BD143800C3A19C /* Base */ = {isa = PBXFileReference; lastKnownFileType = file.storyboard; name = Base; path = Base.lproj/Main.storyboard; sourceTree = "<group>"; };
		0A4D50D926BD143A00C3A19C /* Assets.xcassets */ = {isa = PBXFileReference; lastKnownFileType = folder.assetcatalog; path = Assets.xcassets; sourceTree = "<group>"; };
		0A4D50DC26BD143A00C3A19C /* Base */ = {isa = PBXFileReference; lastKnownFileType = file.storyboard; name = Base; path = Base.lproj/LaunchScreen.storyboard; sourceTree = "<group>"; };
		0A4D50DE26BD143A00C3A19C /* Info.plist */ = {isa = PBXFileReference; lastKnownFileType = text.plist.xml; path = Info.plist; sourceTree = "<group>"; };
		0A4D50E626BD147900C3A19C /* Question.swift */ = {isa = PBXFileReference; lastKnownFileType = sourcecode.swift; path = Question.swift; sourceTree = "<group>"; };
		0A4D50EB26BD1C3600C3A19C /* MainViewController.swift */ = {isa = PBXFileReference; lastKnownFileType = sourcecode.swift; path = MainViewController.swift; sourceTree = "<group>"; };
		0A4D50EE26BD1C5000C3A19C /* GameViewController.swift */ = {isa = PBXFileReference; lastKnownFileType = sourcecode.swift; path = GameViewController.swift; sourceTree = "<group>"; };
		0A4D50F326BD3A8400C3A19C /* Game.swift */ = {isa = PBXFileReference; lastKnownFileType = sourcecode.swift; path = Game.swift; sourceTree = "<group>"; };
		0A4D50F726BD3B1500C3A19C /* GameSession.swift */ = {isa = PBXFileReference; lastKnownFileType = sourcecode.swift; path = GameSession.swift; sourceTree = "<group>"; };
		0AEBAA8C26BE4E0100BD0171 /* RecordsTableViewController.swift */ = {isa = PBXFileReference; lastKnownFileType = sourcecode.swift; path = RecordsTableViewController.swift; sourceTree = "<group>"; };
		0AEBAA9026BE4E9B00BD0171 /* RecordTableViewCell.swift */ = {isa = PBXFileReference; lastKnownFileType = sourcecode.swift; path = RecordTableViewCell.swift; sourceTree = "<group>"; };
		0AEBAA9126BE4E9B00BD0171 /* RecordTableViewCell.xib */ = {isa = PBXFileReference; lastKnownFileType = file.xib; path = RecordTableViewCell.xib; sourceTree = "<group>"; };
		0AEBAA9926C0D00100BD0171 /* Record.swift */ = {isa = PBXFileReference; lastKnownFileType = sourcecode.swift; path = Record.swift; sourceTree = "<group>"; };
/* End PBXFileReference section */

/* Begin PBXFrameworksBuildPhase section */
		0A4D50CA26BD143800C3A19C /* Frameworks */ = {
			isa = PBXFrameworksBuildPhase;
			buildActionMask = 2147483647;
			files = (
			);
			runOnlyForDeploymentPostprocessing = 0;
		};
/* End PBXFrameworksBuildPhase section */

/* Begin PBXGroup section */
		0A2204FC26C3C138002F1B1F /* Strategy */ = {
			isa = PBXGroup;
			children = (
				0A2204FD26C3C14C002F1B1F /* Difficulty.swift */,
				0A22050C26C3E7F6002F1B1F /* OrderedShuffledProtocol.swift */,
				0A22050026C3E36F002F1B1F /* ShuffledQuestions.swift */,
				0A22050726C3E6E8002F1B1F /* OrderedQuestions.swift */,
			);
			path = Strategy;
			sourceTree = "<group>";
		};
		0A22051126C628D0002F1B1F /* Observer */ = {
			isa = PBXGroup;
			children = (
				0A22051226C62949002F1B1F /* Observable.swift */,
			);
			path = Observer;
			sourceTree = "<group>";
		};
		0A4D50C426BD143800C3A19C = {
			isa = PBXGroup;
			children = (
				0A4D50CF26BD143800C3A19C /* Millionaire */,
				0A4D50CE26BD143800C3A19C /* Products */,
			);
			sourceTree = "<group>";
		};
		0A4D50CE26BD143800C3A19C /* Products */ = {
			isa = PBXGroup;
			children = (
				0A4D50CD26BD143800C3A19C /* Millionaire.app */,
			);
			name = Products;
			sourceTree = "<group>";
		};
		0A4D50CF26BD143800C3A19C /* Millionaire */ = {
			isa = PBXGroup;
			children = (
				0A22051126C628D0002F1B1F /* Observer */,
				0A2204FC26C3C138002F1B1F /* Strategy */,
				0AEBAA8F26BE4E7B00BD0171 /* Views */,
				0A4D50F726BD3B1500C3A19C /* GameSession.swift */,
				0A2204F526C0DB0F002F1B1F /* CareTaker.swift */,
				0A22051926C8C7F1002F1B1F /* QuestionsCareTaker.swift */,
				0A4D50F226BD3A6B00C3A19C /* Singltone */,
				0A4D50EA26BD1C0B00C3A19C /* Controllers */,
				0A4D50E526BD146800C3A19C /* Models */,
				0A4D50D026BD143800C3A19C /* AppDelegate.swift */,
				0A4D50D226BD143800C3A19C /* SceneDelegate.swift */,
				0A4D50D926BD143A00C3A19C /* Assets.xcassets */,
				0A4D50DB26BD143A00C3A19C /* LaunchScreen.storyboard */,
				0A4D50DE26BD143A00C3A19C /* Info.plist */,
			);
			path = Millionaire;
			sourceTree = "<group>";
		};
		0A4D50E526BD146800C3A19C /* Models */ = {
			isa = PBXGroup;
			children = (
				0A4D50E626BD147900C3A19C /* Question.swift */,
				0AEBAA9926C0D00100BD0171 /* Record.swift */,
			);
			path = Models;
			sourceTree = "<group>";
		};
		0A4D50EA26BD1C0B00C3A19C /* Controllers */ = {
			isa = PBXGroup;
			children = (
				0A4D50EB26BD1C3600C3A19C /* MainViewController.swift */,
				0A4D50EE26BD1C5000C3A19C /* GameViewController.swift */,
				0AEBAA8C26BE4E0100BD0171 /* RecordsTableViewController.swift */,
				0A22051626C8BCFD002F1B1F /* AddQuestionViewController.swift */,
			);
			path = Controllers;
			sourceTree = "<group>";
		};
		0A4D50F226BD3A6B00C3A19C /* Singltone */ = {
			isa = PBXGroup;
			children = (
				0A4D50F326BD3A8400C3A19C /* Game.swift */,
			);
			path = Singltone;
			sourceTree = "<group>";
		};
		0AEBAA8F26BE4E7B00BD0171 /* Views */ = {
			isa = PBXGroup;
			children = (
				0AEBAA9026BE4E9B00BD0171 /* RecordTableViewCell.swift */,
				0AEBAA9126BE4E9B00BD0171 /* RecordTableViewCell.xib */,
				0A4D50D626BD143800C3A19C /* Main.storyboard */,
				0A2204F826C10FED002F1B1F /* CustomButton.swift */,
			);
			path = Views;
			sourceTree = "<group>";
		};
/* End PBXGroup section */

/* Begin PBXNativeTarget section */
		0A4D50CC26BD143800C3A19C /* Millionaire */ = {
			isa = PBXNativeTarget;
			buildConfigurationList = 0A4D50E126BD143A00C3A19C /* Build configuration list for PBXNativeTarget "Millionaire" */;
			buildPhases = (
				0A4D50C926BD143800C3A19C /* Sources */,
				0A4D50CA26BD143800C3A19C /* Frameworks */,
				0A4D50CB26BD143800C3A19C /* Resources */,
			);
			buildRules = (
			);
			dependencies = (
			);
			name = Millionaire;
			productName = Millionaire;
			productReference = 0A4D50CD26BD143800C3A19C /* Millionaire.app */;
			productType = "com.apple.product-type.application";
		};
/* End PBXNativeTarget section */

/* Begin PBXProject section */
		0A4D50C526BD143800C3A19C /* Project object */ = {
			isa = PBXProject;
			attributes = {
				LastSwiftUpdateCheck = 1240;
				LastUpgradeCheck = 1240;
				TargetAttributes = {
					0A4D50CC26BD143800C3A19C = {
						CreatedOnToolsVersion = 12.4;
					};
				};
			};
			buildConfigurationList = 0A4D50C826BD143800C3A19C /* Build configuration list for PBXProject "Millionaire" */;
			compatibilityVersion = "Xcode 9.3";
			developmentRegion = en;
			hasScannedForEncodings = 0;
			knownRegions = (
				en,
				Base,
			);
			mainGroup = 0A4D50C426BD143800C3A19C;
			productRefGroup = 0A4D50CE26BD143800C3A19C /* Products */;
			projectDirPath = "";
			projectRoot = "";
			targets = (
				0A4D50CC26BD143800C3A19C /* Millionaire */,
			);
		};
/* End PBXProject section */

/* Begin PBXResourcesBuildPhase section */
		0A4D50CB26BD143800C3A19C /* Resources */ = {
			isa = PBXResourcesBuildPhase;
			buildActionMask = 2147483647;
			files = (
				0A4D50DD26BD143A00C3A19C /* LaunchScreen.storyboard in Resources */,
				0A4D50DA26BD143A00C3A19C /* Assets.xcassets in Resources */,
				0AEBAA9326BE4E9B00BD0171 /* RecordTableViewCell.xib in Resources */,
				0A4D50D826BD143800C3A19C /* Main.storyboard in Resources */,
			);
			runOnlyForDeploymentPostprocessing = 0;
		};
/* End PBXResourcesBuildPhase section */

/* Begin PBXSourcesBuildPhase section */
		0A4D50C926BD143800C3A19C /* Sources */ = {
			isa = PBXSourcesBuildPhase;
			buildActionMask = 2147483647;
			files = (
				0A22051A26C8C7F1002F1B1F /* QuestionsCareTaker.swift in Sources */,
				0A22050D26C3E7F6002F1B1F /* OrderedShuffledProtocol.swift in Sources */,
				0A22050826C3E6E8002F1B1F /* OrderedQuestions.swift in Sources */,
				0A22051726C8BCFD002F1B1F /* AddQuestionViewController.swift in Sources */,
				0A2204F626C0DB0F002F1B1F /* CareTaker.swift in Sources */,
				0A4D50E726BD147900C3A19C /* Question.swift in Sources */,
				0A4D50F826BD3B1500C3A19C /* GameSession.swift in Sources */,
				0AEBAA9A26C0D00100BD0171 /* Record.swift in Sources */,
				0A4D50F426BD3A8400C3A19C /* Game.swift in Sources */,
				0A22050126C3E36F002F1B1F /* ShuffledQuestions.swift in Sources */,
				0AEBAA8D26BE4E0100BD0171 /* RecordsTableViewController.swift in Sources */,
				0A4D50D126BD143800C3A19C /* AppDelegate.swift in Sources */,
				0A4D50D326BD143800C3A19C /* SceneDelegate.swift in Sources */,
				0A2204F926C10FED002F1B1F /* CustomButton.swift in Sources */,
				0A22051326C62949002F1B1F /* Observable.swift in Sources */,
				0A4D50EF26BD1C5000C3A19C /* GameViewController.swift in Sources */,
				0A4D50EC26BD1C3600C3A19C /* MainViewController.swift in Sources */,
				0AEBAA9226BE4E9B00BD0171 /* RecordTableViewCell.swift in Sources */,
				0A2204FE26C3C14C002F1B1F /* Difficulty.swift in Sources */,
			);
			runOnlyForDeploymentPostprocessing = 0;
		};
/* End PBXSourcesBuildPhase section */

/* Begin PBXVariantGroup section */
		0A4D50D626BD143800C3A19C /* Main.storyboard */ = {
			isa = PBXVariantGroup;
			children = (
				0A4D50D726BD143800C3A19C /* Base */,
			);
			name = Main.storyboard;
			sourceTree = "<group>";
		};
		0A4D50DB26BD143A00C3A19C /* LaunchScreen.storyboard */ = {
			isa = PBXVariantGroup;
			children = (
				0A4D50DC26BD143A00C3A19C /* Base */,
			);
			name = LaunchScreen.storyboard;
			sourceTree = "<group>";
		};
/* End PBXVariantGroup section */

/* Begin XCBuildConfiguration section */
		0A4D50DF26BD143A00C3A19C /* Debug */ = {
			isa = XCBuildConfiguration;
			buildSettings = {
				ALWAYS_SEARCH_USER_PATHS = NO;
				CLANG_ANALYZER_NONNULL = YES;
				CLANG_ANALYZER_NUMBER_OBJECT_CONVERSION = YES_AGGRESSIVE;
				CLANG_CXX_LANGUAGE_STANDARD = "gnu++14";
				CLANG_CXX_LIBRARY = "libc++";
				CLANG_ENABLE_MODULES = YES;
				CLANG_ENABLE_OBJC_ARC = YES;
				CLANG_ENABLE_OBJC_WEAK = YES;
				CLANG_WARN_BLOCK_CAPTURE_AUTORELEASING = YES;
				CLANG_WARN_BOOL_CONVERSION = YES;
				CLANG_WARN_COMMA = YES;
				CLANG_WARN_CONSTANT_CONVERSION = YES;
				CLANG_WARN_DEPRECATED_OBJC_IMPLEMENTATIONS = YES;
				CLANG_WARN_DIRECT_OBJC_ISA_USAGE = YES_ERROR;
				CLANG_WARN_DOCUMENTATION_COMMENTS = YES;
				CLANG_WARN_EMPTY_BODY = YES;
				CLANG_WARN_ENUM_CONVERSION = YES;
				CLANG_WARN_INFINITE_RECURSION = YES;
				CLANG_WARN_INT_CONVERSION = YES;
				CLANG_WARN_NON_LITERAL_NULL_CONVERSION = YES;
				CLANG_WARN_OBJC_IMPLICIT_RETAIN_SELF = YES;
				CLANG_WARN_OBJC_LITERAL_CONVERSION = YES;
				CLANG_WARN_OBJC_ROOT_CLASS = YES_ERROR;
				CLANG_WARN_QUOTED_INCLUDE_IN_FRAMEWORK_HEADER = YES;
				CLANG_WARN_RANGE_LOOP_ANALYSIS = YES;
				CLANG_WARN_STRICT_PROTOTYPES = YES;
				CLANG_WARN_SUSPICIOUS_MOVE = YES;
				CLANG_WARN_UNGUARDED_AVAILABILITY = YES_AGGRESSIVE;
				CLANG_WARN_UNREACHABLE_CODE = YES;
				CLANG_WARN__DUPLICATE_METHOD_MATCH = YES;
				COPY_PHASE_STRIP = NO;
				DEBUG_INFORMATION_FORMAT = dwarf;
				ENABLE_STRICT_OBJC_MSGSEND = YES;
				ENABLE_TESTABILITY = YES;
				GCC_C_LANGUAGE_STANDARD = gnu11;
				GCC_DYNAMIC_NO_PIC = NO;
				GCC_NO_COMMON_BLOCKS = YES;
				GCC_OPTIMIZATION_LEVEL = 0;
				GCC_PREPROCESSOR_DEFINITIONS = (
					"DEBUG=1",
					"$(inherited)",
				);
				GCC_WARN_64_TO_32_BIT_CONVERSION = YES;
				GCC_WARN_ABOUT_RETURN_TYPE = YES_ERROR;
				GCC_WARN_UNDECLARED_SELECTOR = YES;
				GCC_WARN_UNINITIALIZED_AUTOS = YES_AGGRESSIVE;
				GCC_WARN_UNUSED_FUNCTION = YES;
				GCC_WARN_UNUSED_VARIABLE = YES;
				IPHONEOS_DEPLOYMENT_TARGET = 14.4;
				MTL_ENABLE_DEBUG_INFO = INCLUDE_SOURCE;
				MTL_FAST_MATH = YES;
				ONLY_ACTIVE_ARCH = YES;
				SDKROOT = iphoneos;
				SWIFT_ACTIVE_COMPILATION_CONDITIONS = DEBUG;
				SWIFT_OPTIMIZATION_LEVEL = "-Onone";
			};
			name = Debug;
		};
		0A4D50E026BD143A00C3A19C /* Release */ = {
			isa = XCBuildConfiguration;
			buildSettings = {
				ALWAYS_SEARCH_USER_PATHS = NO;
				CLANG_ANALYZER_NONNULL = YES;
				CLANG_ANALYZER_NUMBER_OBJECT_CONVERSION = YES_AGGRESSIVE;
				CLANG_CXX_LANGUAGE_STANDARD = "gnu++14";
				CLANG_CXX_LIBRARY = "libc++";
				CLANG_ENABLE_MODULES = YES;
				CLANG_ENABLE_OBJC_ARC = YES;
				CLANG_ENABLE_OBJC_WEAK = YES;
				CLANG_WARN_BLOCK_CAPTURE_AUTORELEASING = YES;
				CLANG_WARN_BOOL_CONVERSION = YES;
				CLANG_WARN_COMMA = YES;
				CLANG_WARN_CONSTANT_CONVERSION = YES;
				CLANG_WARN_DEPRECATED_OBJC_IMPLEMENTATIONS = YES;
				CLANG_WARN_DIRECT_OBJC_ISA_USAGE = YES_ERROR;
				CLANG_WARN_DOCUMENTATION_COMMENTS = YES;
				CLANG_WARN_EMPTY_BODY = YES;
				CLANG_WARN_ENUM_CONVERSION = YES;
				CLANG_WARN_INFINITE_RECURSION = YES;
				CLANG_WARN_INT_CONVERSION = YES;
				CLANG_WARN_NON_LITERAL_NULL_CONVERSION = YES;
				CLANG_WARN_OBJC_IMPLICIT_RETAIN_SELF = YES;
				CLANG_WARN_OBJC_LITERAL_CONVERSION = YES;
				CLANG_WARN_OBJC_ROOT_CLASS = YES_ERROR;
				CLANG_WARN_QUOTED_INCLUDE_IN_FRAMEWORK_HEADER = YES;
				CLANG_WARN_RANGE_LOOP_ANALYSIS = YES;
				CLANG_WARN_STRICT_PROTOTYPES = YES;
				CLANG_WARN_SUSPICIOUS_MOVE = YES;
				CLANG_WARN_UNGUARDED_AVAILABILITY = YES_AGGRESSIVE;
				CLANG_WARN_UNREACHABLE_CODE = YES;
				CLANG_WARN__DUPLICATE_METHOD_MATCH = YES;
				COPY_PHASE_STRIP = NO;
				DEBUG_INFORMATION_FORMAT = "dwarf-with-dsym";
				ENABLE_NS_ASSERTIONS = NO;
				ENABLE_STRICT_OBJC_MSGSEND = YES;
				GCC_C_LANGUAGE_STANDARD = gnu11;
				GCC_NO_COMMON_BLOCKS = YES;
				GCC_WARN_64_TO_32_BIT_CONVERSION = YES;
				GCC_WARN_ABOUT_RETURN_TYPE = YES_ERROR;
				GCC_WARN_UNDECLARED_SELECTOR = YES;
				GCC_WARN_UNINITIALIZED_AUTOS = YES_AGGRESSIVE;
				GCC_WARN_UNUSED_FUNCTION = YES;
				GCC_WARN_UNUSED_VARIABLE = YES;
				IPHONEOS_DEPLOYMENT_TARGET = 14.4;
				MTL_ENABLE_DEBUG_INFO = NO;
				MTL_FAST_MATH = YES;
				SDKROOT = iphoneos;
				SWIFT_COMPILATION_MODE = wholemodule;
				SWIFT_OPTIMIZATION_LEVEL = "-O";
				VALIDATE_PRODUCT = YES;
			};
			name = Release;
		};
		0A4D50E226BD143A00C3A19C /* Debug */ = {
			isa = XCBuildConfiguration;
			buildSettings = {
				ASSETCATALOG_COMPILER_APPICON_NAME = AppIcon;
				ASSETCATALOG_COMPILER_GLOBAL_ACCENT_COLOR_NAME = AccentColor;
				CODE_SIGN_STYLE = Automatic;
				DEVELOPMENT_TEAM = ZHUTRQ83V7;
				INFOPLIST_FILE = Millionaire/Info.plist;
				LD_RUNPATH_SEARCH_PATHS = (
					"$(inherited)",
					"@executable_path/Frameworks",
				);
				PRODUCT_BUNDLE_IDENTIFIER = com.kgbCat.Millionaire;
				PRODUCT_NAME = "$(TARGET_NAME)";
				SWIFT_VERSION = 5.0;
				TARGETED_DEVICE_FAMILY = 1;
			};
			name = Debug;
		};
		0A4D50E326BD143A00C3A19C /* Release */ = {
			isa = XCBuildConfiguration;
			buildSettings = {
				ASSETCATALOG_COMPILER_APPICON_NAME = AppIcon;
				ASSETCATALOG_COMPILER_GLOBAL_ACCENT_COLOR_NAME = AccentColor;
				CODE_SIGN_STYLE = Automatic;
				DEVELOPMENT_TEAM = ZHUTRQ83V7;
				INFOPLIST_FILE = Millionaire/Info.plist;
				LD_RUNPATH_SEARCH_PATHS = (
					"$(inherited)",
					"@executable_path/Frameworks",
				);
				PRODUCT_BUNDLE_IDENTIFIER = com.kgbCat.Millionaire;
				PRODUCT_NAME = "$(TARGET_NAME)";
				SWIFT_VERSION = 5.0;
				TARGETED_DEVICE_FAMILY = 1;
			};
			name = Release;
		};
/* End XCBuildConfiguration section */

/* Begin XCConfigurationList section */
		0A4D50C826BD143800C3A19C /* Build configuration list for PBXProject "Millionaire" */ = {
			isa = XCConfigurationList;
			buildConfigurations = (
				0A4D50DF26BD143A00C3A19C /* Debug */,
				0A4D50E026BD143A00C3A19C /* Release */,
			);
			defaultConfigurationIsVisible = 0;
			defaultConfigurationName = Release;
		};
		0A4D50E126BD143A00C3A19C /* Build configuration list for PBXNativeTarget "Millionaire" */ = {
			isa = XCConfigurationList;
			buildConfigurations = (
				0A4D50E226BD143A00C3A19C /* Debug */,
				0A4D50E326BD143A00C3A19C /* Release */,
			);
			defaultConfigurationIsVisible = 0;
			defaultConfigurationName = Release;
		};
/* End XCConfigurationList section */
	};
	rootObject = 0A4D50C526BD143800C3A19C /* Project object */;
}
